
Microsoft Visual Studio Solution File, Format Version 12.00
# Visual Studio Version 17
VisualStudioVersion = 17.12.35728.132
MinimumVisualStudioVersion = 10.0.40219.1
Project("{2150E333-8FDC-42A3-9474-1A3956D46DE8}") = "src", "src", "{86853D89-43C0-4F84-B60A-40BF2F9BD438}"
EndProject
Project("{2150E333-8FDC-42A3-9474-1A3956D46DE8}") = "tests", "tests", "{D4D5AC5E-7689-48D9-A8E0-5E5B919F6A15}"
EndProject
Project("{2150E333-8FDC-42A3-9474-1A3956D46DE8}") = "sln", "sln", "{1F7D6C83-D80D-48C0-85B2-5151B6354D0C}"
	ProjectSection(SolutionItems) = preProject
		src\Directory.Build.props = src\Directory.Build.props
	EndProjectSection
EndProject
Project("{FAE04EC0-301F-11D3-BF4B-00C04F79EFBC}") = "ReverseEngineer", "tests\ReverseEngineer\ReverseEngineer.csproj", "{460B7056-8760-4F5C-AE08-598FF29EC7E2}"
EndProject
Project("{FAE04EC0-301F-11D3-BF4B-00C04F79EFBC}") = "LMS.Dal", "src\LMS.Dal\LMS.Dal.csproj", "{38F4165E-8C0C-4D3D-B2DF-73C39D1719D5}"
EndProject
Project("{FAE04EC0-301F-11D3-BF4B-00C04F79EFBC}") = "LMS.Bll", "LMS.Bll\LMS.Bll.csproj", "{F12ACC57-259F-462B-9271-682B326FD737}"
EndProject
Project("{FAE04EC0-301F-11D3-BF4B-00C04F79EFBC}") = "LMS.UI.Winform", "src\LMS.UI.Winform\LMS.UI.Winform.csproj", "{4F88AF3F-4397-4BE5-A137-8C6A242E8368}"
EndProject
Project("{FAE04EC0-301F-11D3-BF4B-00C04F79EFBC}") = "LMS.UI.Winforms", "src\LMS.UI.Winforms\LMS.UI.Winforms.csproj", "{E7BA3283-2114-4166-87EB-035B7DAFAE6B}"
EndProject
Project("{FAE04EC0-301F-11D3-BF4B-00C04F79EFBC}") = "LMS.Dal.Test", "tests\LMS.Dal.Test\LMS.Dal.Test.csproj", "{8C9A788D-6F80-4733-A657-17C02DB905EC}"
EndProject
Global
	GlobalSection(SolutionConfigurationPlatforms) = preSolution
		Debug|Any CPU = Debug|Any CPU
		Release|Any CPU = Release|Any CPU
	EndGlobalSection
	GlobalSection(ProjectConfigurationPlatforms) = postSolution
		{460B7056-8760-4F5C-AE08-598FF29EC7E2}.Debug|Any CPU.ActiveCfg = Debug|Any CPU
		{460B7056-8760-4F5C-AE08-598FF29EC7E2}.Debug|Any CPU.Build.0 = Debug|Any CPU
		{460B7056-8760-4F5C-AE08-598FF29EC7E2}.Release|Any CPU.ActiveCfg = Release|Any CPU
		{460B7056-8760-4F5C-AE08-598FF29EC7E2}.Release|Any CPU.Build.0 = Release|Any CPU
		{38F4165E-8C0C-4D3D-B2DF-73C39D1719D5}.Debug|Any CPU.ActiveCfg = Debug|Any CPU
		{38F4165E-8C0C-4D3D-B2DF-73C39D1719D5}.Debug|Any CPU.Build.0 = Debug|Any CPU
		{38F4165E-8C0C-4D3D-B2DF-73C39D1719D5}.Release|Any CPU.ActiveCfg = Release|Any CPU
		{38F4165E-8C0C-4D3D-B2DF-73C39D1719D5}.Release|Any CPU.Build.0 = Release|Any CPU
		{F12ACC57-259F-462B-9271-682B326FD737}.Debug|Any CPU.ActiveCfg = Debug|Any CPU
		{F12ACC57-259F-462B-9271-682B326FD737}.Debug|Any CPU.Build.0 = Debug|Any CPU
		{F12ACC57-259F-462B-9271-682B326FD737}.Release|Any CPU.ActiveCfg = Release|Any CPU
		{F12ACC57-259F-462B-9271-682B326FD737}.Release|Any CPU.Build.0 = Release|Any CPU
		{4F88AF3F-4397-4BE5-A137-8C6A242E8368}.Debug|Any CPU.ActiveCfg = Debug|Any CPU
		{4F88AF3F-4397-4BE5-A137-8C6A242E8368}.Debug|Any CPU.Build.0 = Debug|Any CPU
		{4F88AF3F-4397-4BE5-A137-8C6A242E8368}.Release|Any CPU.ActiveCfg = Release|Any CPU
		{4F88AF3F-4397-4BE5-A137-8C6A242E8368}.Release|Any CPU.Build.0 = Release|Any CPU
		{E7BA3283-2114-4166-87EB-035B7DAFAE6B}.Debug|Any CPU.ActiveCfg = Debug|Any CPU
		{E7BA3283-2114-4166-87EB-035B7DAFAE6B}.Debug|Any CPU.Build.0 = Debug|Any CPU
		{E7BA3283-2114-4166-87EB-035B7DAFAE6B}.Release|Any CPU.ActiveCfg = Release|Any CPU
		{E7BA3283-2114-4166-87EB-035B7DAFAE6B}.Release|Any CPU.Build.0 = Release|Any CPU
		{8C9A788D-6F80-4733-A657-17C02DB905EC}.Debug|Any CPU.ActiveCfg = Debug|Any CPU
		{8C9A788D-6F80-4733-A657-17C02DB905EC}.Debug|Any CPU.Build.0 = Debug|Any CPU
		{8C9A788D-6F80-4733-A657-17C02DB905EC}.Release|Any CPU.ActiveCfg = Release|Any CPU
		{8C9A788D-6F80-4733-A657-17C02DB905EC}.Release|Any CPU.Build.0 = Release|Any CPU
	EndGlobalSection
	GlobalSection(SolutionProperties) = preSolution
		HideSolutionNode = FALSE
	EndGlobalSection
	GlobalSection(NestedProjects) = preSolution
		{460B7056-8760-4F5C-AE08-598FF29EC7E2} = {D4D5AC5E-7689-48D9-A8E0-5E5B919F6A15}
		{38F4165E-8C0C-4D3D-B2DF-73C39D1719D5} = {86853D89-43C0-4F84-B60A-40BF2F9BD438}
		{F12ACC57-259F-462B-9271-682B326FD737} = {86853D89-43C0-4F84-B60A-40BF2F9BD438}
		{4F88AF3F-4397-4BE5-A137-8C6A242E8368} = {D4D5AC5E-7689-48D9-A8E0-5E5B919F6A15}
		{E7BA3283-2114-4166-87EB-035B7DAFAE6B} = {86853D89-43C0-4F84-B60A-40BF2F9BD438}
		{8C9A788D-6F80-4733-A657-17C02DB905EC} = {D4D5AC5E-7689-48D9-A8E0-5E5B919F6A15}
	EndGlobalSection
EndGlobal
