
Microsoft Visual Studio Solution File, Format Version 12.00
# Visual Studio Version 17
VisualStudioVersion = 17.12.35728.132
MinimumVisualStudioVersion = 10.0.40219.1
Project("{FAE04EC0-301F-11D3-BF4B-00C04F79EFBC}") = "LMS.Data", "src\LMS.Data\LMS.Data.csproj", "{D172F78A-AC71-47B2-9595-FF272C95A688}"
EndProject
Project("{FAE04EC0-301F-11D3-BF4B-00C04F79EFBC}") = "LMS.Common", "src\LMS.Common\LMS.Common.csproj", "{B4AECD2B-FD07-4508-9302-35C65AE1A561}"
EndProject
Project("{FAE04EC0-301F-11D3-BF4B-00C04F79EFBC}") = "LMS.Business", "src\LMS.Business\LMS.Business.csproj", "{42147843-5FA6-4EBE-B4D5-6B82AFFB3014}"
EndProject
Project("{FAE04EC0-301F-11D3-BF4B-00C04F79EFBC}") = "LMS.Models", "src\LMS.Models\LMS.Models.csproj", "{4507C37F-D90A-49E5-8F5D-5405F50B78D9}"
EndProject
Project("{FAE04EC0-301F-11D3-BF4B-00C04F79EFBC}") = "LMS.Presentation.Winform", "src\LMS.Presentation.Winform\LMS.Presentation.Winform.csproj", "{0ADFE3F3-FBCD-431F-B21D-89B17A98106C}"
EndProject
Project("{2150E333-8FDC-42A3-9474-1A3956D46DE8}") = "src", "src", "{86853D89-43C0-4F84-B60A-40BF2F9BD438}"
EndProject
Project("{2150E333-8FDC-42A3-9474-1A3956D46DE8}") = "tests", "tests", "{D4D5AC5E-7689-48D9-A8E0-5E5B919F6A15}"
EndProject
Project("{2150E333-8FDC-42A3-9474-1A3956D46DE8}") = "sln", "sln", "{1F7D6C83-D80D-48C0-85B2-5151B6354D0C}"
	ProjectSection(SolutionItems) = preProject
		src\Directory.Build.props = src\Directory.Build.props
	EndProjectSection
EndProject
Project("{FAE04EC0-301F-11D3-BF4B-00C04F79EFBC}") = "ReverseEngineer", "tests\ReverseEngineer\ReverseEngineer.csproj", "{460B7056-8760-4F5C-AE08-598FF29EC7E2}"
EndProject
Global
	GlobalSection(SolutionConfigurationPlatforms) = preSolution
		Debug|Any CPU = Debug|Any CPU
		Release|Any CPU = Release|Any CPU
	EndGlobalSection
	GlobalSection(ProjectConfigurationPlatforms) = postSolution
		{D172F78A-AC71-47B2-9595-FF272C95A688}.Debug|Any CPU.ActiveCfg = Debug|Any CPU
		{D172F78A-AC71-47B2-9595-FF272C95A688}.Debug|Any CPU.Build.0 = Debug|Any CPU
		{D172F78A-AC71-47B2-9595-FF272C95A688}.Release|Any CPU.ActiveCfg = Release|Any CPU
		{D172F78A-AC71-47B2-9595-FF272C95A688}.Release|Any CPU.Build.0 = Release|Any CPU
		{B4AECD2B-FD07-4508-9302-35C65AE1A561}.Debug|Any CPU.ActiveCfg = Debug|Any CPU
		{B4AECD2B-FD07-4508-9302-35C65AE1A561}.Debug|Any CPU.Build.0 = Debug|Any CPU
		{B4AECD2B-FD07-4508-9302-35C65AE1A561}.Release|Any CPU.ActiveCfg = Release|Any CPU
		{B4AECD2B-FD07-4508-9302-35C65AE1A561}.Release|Any CPU.Build.0 = Release|Any CPU
		{42147843-5FA6-4EBE-B4D5-6B82AFFB3014}.Debug|Any CPU.ActiveCfg = Debug|Any CPU
		{42147843-5FA6-4EBE-B4D5-6B82AFFB3014}.Debug|Any CPU.Build.0 = Debug|Any CPU
		{42147843-5FA6-4EBE-B4D5-6B82AFFB3014}.Release|Any CPU.ActiveCfg = Release|Any CPU
		{42147843-5FA6-4EBE-B4D5-6B82AFFB3014}.Release|Any CPU.Build.0 = Release|Any CPU
		{4507C37F-D90A-49E5-8F5D-5405F50B78D9}.Debug|Any CPU.ActiveCfg = Debug|Any CPU
		{4507C37F-D90A-49E5-8F5D-5405F50B78D9}.Debug|Any CPU.Build.0 = Debug|Any CPU
		{4507C37F-D90A-49E5-8F5D-5405F50B78D9}.Release|Any CPU.ActiveCfg = Release|Any CPU
		{4507C37F-D90A-49E5-8F5D-5405F50B78D9}.Release|Any CPU.Build.0 = Release|Any CPU
		{0ADFE3F3-FBCD-431F-B21D-89B17A98106C}.Debug|Any CPU.ActiveCfg = Debug|Any CPU
		{0ADFE3F3-FBCD-431F-B21D-89B17A98106C}.Debug|Any CPU.Build.0 = Debug|Any CPU
		{0ADFE3F3-FBCD-431F-B21D-89B17A98106C}.Release|Any CPU.ActiveCfg = Release|Any CPU
		{0ADFE3F3-FBCD-431F-B21D-89B17A98106C}.Release|Any CPU.Build.0 = Release|Any CPU
		{460B7056-8760-4F5C-AE08-598FF29EC7E2}.Debug|Any CPU.ActiveCfg = Debug|Any CPU
		{460B7056-8760-4F5C-AE08-598FF29EC7E2}.Debug|Any CPU.Build.0 = Debug|Any CPU
		{460B7056-8760-4F5C-AE08-598FF29EC7E2}.Release|Any CPU.ActiveCfg = Release|Any CPU
		{460B7056-8760-4F5C-AE08-598FF29EC7E2}.Release|Any CPU.Build.0 = Release|Any CPU
	EndGlobalSection
	GlobalSection(SolutionProperties) = preSolution
		HideSolutionNode = FALSE
	EndGlobalSection
	GlobalSection(NestedProjects) = preSolution
		{D172F78A-AC71-47B2-9595-FF272C95A688} = {86853D89-43C0-4F84-B60A-40BF2F9BD438}
		{B4AECD2B-FD07-4508-9302-35C65AE1A561} = {86853D89-43C0-4F84-B60A-40BF2F9BD438}
		{42147843-5FA6-4EBE-B4D5-6B82AFFB3014} = {86853D89-43C0-4F84-B60A-40BF2F9BD438}
		{4507C37F-D90A-49E5-8F5D-5405F50B78D9} = {86853D89-43C0-4F84-B60A-40BF2F9BD438}
		{0ADFE3F3-FBCD-431F-B21D-89B17A98106C} = {86853D89-43C0-4F84-B60A-40BF2F9BD438}
		{460B7056-8760-4F5C-AE08-598FF29EC7E2} = {D4D5AC5E-7689-48D9-A8E0-5E5B919F6A15}
	EndGlobalSection
EndGlobal
